<?xml version="1.0" encoding="utf-8"?>
<Project ToolsVersion="4.0" xmlns="http://schemas.microsoft.com/developer/msbuild/2003">
  <ItemGroup>
    <Filter Include="소스 파일">
      <UniqueIdentifier>{4FC737F1-C7A5-4376-A066-2A32D752A2FF}</UniqueIdentifier>
      <Extensions>cpp;c;cc;cxx;def;odl;idl;hpj;bat;asm;asmx</Extensions>
    </Filter>
    <Filter Include="헤더 파일">
      <UniqueIdentifier>{93995380-89BD-4b04-88EB-625FBE52EBFB}</UniqueIdentifier>
      <Extensions>h;hh;hpp;hxx;hm;inl;inc;ipp;xsd</Extensions>
    </Filter>
    <Filter Include="Header">
      <UniqueIdentifier>{97cb2d2e-3b0d-41b5-ae99-43ec780e5c1a}</UniqueIdentifier>
    </Filter>
    <Filter Include="basic">
      <UniqueIdentifier>{bb83aaef-daae-417c-a699-6247bd787579}</UniqueIdentifier>
    </Filter>
  </ItemGroup>
  <ItemGroup>
    <ClInclude Include="S_Std.h">
      <Filter>Header</Filter>
    </ClInclude>
    <ClInclude Include="S_header.h">
      <Filter>Header</Filter>
    </ClInclude>
    <ClInclude Include="S_Protocol.h">
      <Filter>Header</Filter>
    </ClInclude>
    <ClInclude Include="S_Core.h">
      <Filter>basic</Filter>
    </ClInclude>
    <ClInclude Include="S_Input.h">
      <Filter>basic</Filter>
    </ClInclude>
    <ClInclude Include="S_Time.h">
      <Filter>basic</Filter>
    </ClInclude>
    <ClInclude Include="S_Window.h">
      <Filter>basic</Filter>
    </ClInclude>
    <ClInclude Include="S_SvrObj.h">
      <Filter>헤더 파일</Filter>
    </ClInclude>
    <ClInclude Include="S_Lock.h">
      <Filter>헤더 파일</Filter>
    </ClInclude>
    <ClInclude Include="S_Thread.h">
      <Filter>헤더 파일</Filter>
    </ClInclude>
    <ClInclude Include="S_DebugString.h">
      <Filter>헤더 파일</Filter>
    </ClInclude>
    <ClInclude Include="S_Acceptor.h">
      <Filter>헤더 파일</Filter>
    </ClInclude>
    <ClInclude Include="S_WorkThread.h">
      <Filter>헤더 파일</Filter>
    </ClInclude>
    <ClInclude Include="S_IOCP.h">
      <Filter>헤더 파일</Filter>
    </ClInclude>
    <ClInclude Include="S_SvrUser.h">
      <Filter>헤더 파일</Filter>
    </ClInclude>
    <ClInclude Include="S_PacketPool.h">
      <Filter>헤더 파일</Filter>
    </ClInclude>
    <ClInclude Include="S_StreamPacket.h">
      <Filter>헤더 파일</Filter>
    </ClInclude>
    <ClInclude Include="S_Server.h">
      <Filter>헤더 파일</Filter>
    </ClInclude>
    <ClInclude Include="S_Packet.h">
      <Filter>헤더 파일</Filter>
    </ClInclude>
  </ItemGroup>
  <ItemGroup>
    <ClCompile Include="S_Core.cpp">
      <Filter>basic</Filter>
    </ClCompile>
    <ClCompile Include="S_Input.cpp">
      <Filter>basic</Filter>
    </ClCompile>
    <ClCompile Include="S_Time.cpp">
      <Filter>basic</Filter>
    </ClCompile>
    <ClCompile Include="S_Window.cpp">
      <Filter>basic</Filter>
    </ClCompile>
    <ClCompile Include="S_SvrObj.cpp">
      <Filter>소스 파일</Filter>
    </ClCompile>
    <ClCompile Include="S_Lock.cpp">
      <Filter>소스 파일</Filter>
    </ClCompile>
    <ClCompile Include="S_Thread.cpp">
      <Filter>소스 파일</Filter>
    </ClCompile>
    <ClCompile Include="S_DebugString.cpp">
      <Filter>소스 파일</Filter>
    </ClCompile>
    <ClCompile Include="S_Acceptor.cpp">
      <Filter>소스 파일</Filter>
    </ClCompile>
    <ClCompile Include="S_WorkThread.cpp">
      <Filter>소스 파일</Filter>
    </ClCompile>
    <ClCompile Include="S_IOCP.cpp">
      <Filter>소스 파일</Filter>
    </ClCompile>
    <ClCompile Include="S_SvrUser.cpp">
      <Filter>소스 파일</Filter>
    </ClCompile>
    <ClCompile Include="S_PacketPool.cpp">
      <Filter>소스 파일</Filter>
    </ClCompile>
    <ClCompile Include="S_StreamPacket.cpp">
      <Filter>소스 파일</Filter>
    </ClCompile>
    <ClCompile Include="S_Server.cpp">
      <Filter>소스 파일</Filter>
    </ClCompile>
    <ClCompile Include="S_Packet.cpp">
      <Filter>소스 파일</Filter>
    </ClCompile>
  </ItemGroup>
  <ItemGroup>
    <None Include="ClassDiagram.cd" />
  </ItemGroup>
</Project>