<?xml version="1.0" encoding="utf-8"?>
<Project ToolsVersion="4.0" xmlns="http://schemas.microsoft.com/developer/msbuild/2003">
  <ItemGroup>
    <Filter Include="소스 파일">
      <UniqueIdentifier>{4FC737F1-C7A5-4376-A066-2A32D752A2FF}</UniqueIdentifier>
      <Extensions>cpp;c;cc;cxx;def;odl;idl;hpj;bat;asm;asmx</Extensions>
    </Filter>
    <Filter Include="헤더 파일">
      <UniqueIdentifier>{93995380-89BD-4b04-88EB-625FBE52EBFB}</UniqueIdentifier>
      <Extensions>h;hh;hpp;hxx;hm;inl;inc;ipp;xsd</Extensions>
    </Filter>
    <Filter Include="리소스 파일">
      <UniqueIdentifier>{67DA6AB6-F800-4c08-8B7A-83BB121AAD01}</UniqueIdentifier>
      <Extensions>rc;ico;cur;bmp;dlg;rc2;rct;bin;rgs;gif;jpg;jpeg;jpe;resx;tiff;tif;png;wav;mfcribbon-ms</Extensions>
    </Filter>
    <Filter Include="Camera">
      <UniqueIdentifier>{8d77cf2f-51c5-4ee4-a5ca-56686f553dff}</UniqueIdentifier>
    </Filter>
    <Filter Include="Object">
      <UniqueIdentifier>{711473a9-4d01-4403-b410-8910dcbe9934}</UniqueIdentifier>
    </Filter>
    <Filter Include="Texture">
      <UniqueIdentifier>{e70b3bef-d832-4610-8d96-7d5a51152942}</UniqueIdentifier>
    </Filter>
    <Filter Include="SKY">
      <UniqueIdentifier>{eb693521-fa79-426c-92fc-2da35879bb97}</UniqueIdentifier>
    </Filter>
    <Filter Include="Map">
      <UniqueIdentifier>{83b4f604-39b1-4e97-9cb2-c8bcf3ffd2cd}</UniqueIdentifier>
    </Filter>
  </ItemGroup>
  <ItemGroup>
    <ClCompile Include="xCore.cpp">
      <Filter>소스 파일</Filter>
    </ClCompile>
    <ClCompile Include="xDevice.cpp">
      <Filter>소스 파일</Filter>
    </ClCompile>
    <ClCompile Include="xDxObj.cpp">
      <Filter>소스 파일</Filter>
    </ClCompile>
    <ClCompile Include="xDxState.cpp">
      <Filter>소스 파일</Filter>
    </ClCompile>
    <ClCompile Include="xDxWrite.cpp">
      <Filter>소스 파일</Filter>
    </ClCompile>
    <ClCompile Include="xInput.cpp">
      <Filter>소스 파일</Filter>
    </ClCompile>
    <ClCompile Include="xTimer.cpp">
      <Filter>소스 파일</Filter>
    </ClCompile>
    <ClCompile Include="xWindow.cpp">
      <Filter>소스 파일</Filter>
    </ClCompile>
    <ClCompile Include="xArcBall.cpp">
      <Filter>Camera</Filter>
    </ClCompile>
    <ClCompile Include="xCamera.cpp">
      <Filter>Camera</Filter>
    </ClCompile>
    <ClCompile Include="xFrustum.cpp">
      <Filter>Camera</Filter>
    </ClCompile>
    <ClCompile Include="xModelView.cpp">
      <Filter>Camera</Filter>
    </ClCompile>
    <ClCompile Include="xLineShape.cpp">
      <Filter>Object</Filter>
    </ClCompile>
    <ClCompile Include="xPlaneShape.cpp">
      <Filter>Object</Filter>
    </ClCompile>
    <ClCompile Include="xSphereShape.cpp">
      <Filter>Object</Filter>
    </ClCompile>
    <ClCompile Include="xShape.cpp">
      <Filter>Object</Filter>
    </ClCompile>
    <ClCompile Include="xSkyBox.cpp">
      <Filter>SKY</Filter>
    </ClCompile>
  </ItemGroup>
  <ItemGroup>
    <ClInclude Include="xCore.h">
      <Filter>헤더 파일</Filter>
    </ClInclude>
    <ClInclude Include="xDevice.h">
      <Filter>헤더 파일</Filter>
    </ClInclude>
    <ClInclude Include="xDxObj.h">
      <Filter>헤더 파일</Filter>
    </ClInclude>
    <ClInclude Include="xDxState.h">
      <Filter>헤더 파일</Filter>
    </ClInclude>
    <ClInclude Include="xDxWrite.h">
      <Filter>헤더 파일</Filter>
    </ClInclude>
    <ClInclude Include="xInput.h">
      <Filter>헤더 파일</Filter>
    </ClInclude>
    <ClInclude Include="xObjectStd.h">
      <Filter>헤더 파일</Filter>
    </ClInclude>
    <ClInclude Include="xStd.h">
      <Filter>헤더 파일</Filter>
    </ClInclude>
    <ClInclude Include="xTimer.h">
      <Filter>헤더 파일</Filter>
    </ClInclude>
    <ClInclude Include="xWindow.h">
      <Filter>헤더 파일</Filter>
    </ClInclude>
    <ClInclude Include="xArcBall.h">
      <Filter>Camera</Filter>
    </ClInclude>
    <ClInclude Include="xCamera.h">
      <Filter>Camera</Filter>
    </ClInclude>
    <ClInclude Include="xFrustum.h">
      <Filter>Camera</Filter>
    </ClInclude>
    <ClInclude Include="xModelView.h">
      <Filter>Camera</Filter>
    </ClInclude>
    <ClInclude Include="xShape.h">
      <Filter>Object</Filter>
    </ClInclude>
    <ClInclude Include="xSkyBox.h">
      <Filter>SKY</Filter>
    </ClInclude>
  </ItemGroup>
</Project>