<?xml version="1.0" encoding="utf-8"?>
<Project ToolsVersion="4.0" xmlns="http://schemas.microsoft.com/developer/msbuild/2003">
  <ItemGroup>
    <Filter Include="소스 파일">
      <UniqueIdentifier>{4FC737F1-C7A5-4376-A066-2A32D752A2FF}</UniqueIdentifier>
      <Extensions>cpp;c;cc;cxx;def;odl;idl;hpj;bat;asm;asmx</Extensions>
    </Filter>
    <Filter Include="헤더 파일">
      <UniqueIdentifier>{93995380-89BD-4b04-88EB-625FBE52EBFB}</UniqueIdentifier>
      <Extensions>h;hh;hpp;hxx;hm;inl;inc;ipp;xsd</Extensions>
    </Filter>
    <Filter Include="iocp">
      <UniqueIdentifier>{dbd7a784-49bc-4be2-846c-89d72358a338}</UniqueIdentifier>
    </Filter>
    <Filter Include="HEADERS">
      <UniqueIdentifier>{eeba0559-af9c-4c83-8a27-1f6c374407af}</UniqueIdentifier>
    </Filter>
  </ItemGroup>
  <ItemGroup>
    <ClInclude Include="SAcceptor.h">
      <Filter>헤더 파일</Filter>
    </ClInclude>
    <ClInclude Include="SServerObj.h">
      <Filter>헤더 파일</Filter>
    </ClInclude>
    <ClInclude Include="SThread.h">
      <Filter>헤더 파일</Filter>
    </ClInclude>
    <ClInclude Include="SDebugString.h">
      <Filter>헤더 파일</Filter>
    </ClInclude>
    <ClInclude Include="SLock.h">
      <Filter>헤더 파일</Filter>
    </ClInclude>
    <ClInclude Include="SSPacket.h">
      <Filter>헤더 파일</Filter>
    </ClInclude>
    <ClInclude Include="SServer.h">
      <Filter>헤더 파일</Filter>
    </ClInclude>
    <ClInclude Include="SStreamPacket.h">
      <Filter>헤더 파일</Filter>
    </ClInclude>
    <ClInclude Include="SUser.h">
      <Filter>헤더 파일</Filter>
    </ClInclude>
    <ClInclude Include="SPacketPool.h">
      <Filter>헤더 파일</Filter>
    </ClInclude>
    <ClInclude Include="SWorkThread.h">
      <Filter>iocp</Filter>
    </ClInclude>
    <ClInclude Include="SServerIOCP.h">
      <Filter>iocp</Filter>
    </ClInclude>
    <ClInclude Include="SSingleton.h">
      <Filter>HEADERS</Filter>
    </ClInclude>
    <ClInclude Include="SvrStd.h">
      <Filter>HEADERS</Filter>
    </ClInclude>
    <ClInclude Include="SProtocol.h">
      <Filter>HEADERS</Filter>
    </ClInclude>
    <ClInclude Include="TCore.h">
      <Filter>헤더 파일</Filter>
    </ClInclude>
    <ClInclude Include="TInput.h">
      <Filter>헤더 파일</Filter>
    </ClInclude>
    <ClInclude Include="TTimer.h">
      <Filter>헤더 파일</Filter>
    </ClInclude>
    <ClInclude Include="TWindow.h">
      <Filter>헤더 파일</Filter>
    </ClInclude>
    <ClInclude Include="TStd.h">
      <Filter>HEADERS</Filter>
    </ClInclude>
  </ItemGroup>
  <ItemGroup>
    <ClCompile Include="SAcceptor.cpp">
      <Filter>소스 파일</Filter>
    </ClCompile>
    <ClCompile Include="SServerObj.cpp">
      <Filter>소스 파일</Filter>
    </ClCompile>
    <ClCompile Include="SThread.cpp">
      <Filter>소스 파일</Filter>
    </ClCompile>
    <ClCompile Include="SDebugString.cpp">
      <Filter>소스 파일</Filter>
    </ClCompile>
    <ClCompile Include="SLock.cpp">
      <Filter>소스 파일</Filter>
    </ClCompile>
    <ClCompile Include="SSPacket.cpp">
      <Filter>소스 파일</Filter>
    </ClCompile>
    <ClCompile Include="SServer.cpp">
      <Filter>소스 파일</Filter>
    </ClCompile>
    <ClCompile Include="SStreamPacket.cpp">
      <Filter>소스 파일</Filter>
    </ClCompile>
    <ClCompile Include="SUser.cpp">
      <Filter>소스 파일</Filter>
    </ClCompile>
    <ClCompile Include="SPacketPool.cpp">
      <Filter>소스 파일</Filter>
    </ClCompile>
    <ClCompile Include="SWorkThread.cpp">
      <Filter>iocp</Filter>
    </ClCompile>
    <ClCompile Include="SServerIOCP.cpp">
      <Filter>iocp</Filter>
    </ClCompile>
    <ClCompile Include="TCore.cpp">
      <Filter>소스 파일</Filter>
    </ClCompile>
    <ClCompile Include="TInput.cpp">
      <Filter>소스 파일</Filter>
    </ClCompile>
    <ClCompile Include="TTimer.cpp">
      <Filter>소스 파일</Filter>
    </ClCompile>
    <ClCompile Include="TWindow.cpp">
      <Filter>소스 파일</Filter>
    </ClCompile>
  </ItemGroup>
</Project>